
Microsoft Visual Studio Solution File, Format Version 12.00
# Visual Studio 15
VisualStudioVersion = 15.0.27130.2026
MinimumVisualStudioVersion = 10.0.40219.1
Project("{FAE04EC0-301F-11D3-BF4B-00C04F79EFBC}") = "Acme", "Acme\Acme.csproj", "{B73A459C-D15E-47F3-AA7C-A64E3B619C0B}"
EndProject
Project("{FAE04EC0-301F-11D3-BF4B-00C04F79EFBC}") = "Acme.Tests", "..\Acme.Tests\Acme.Tests.csproj", "{4CAC6AC8-47E3-418B-B473-69E603D3439C}"
EndProject
Global
	GlobalSection(SolutionConfigurationPlatforms) = preSolution
		Debug|Any CPU = Debug|Any CPU
		Release|Any CPU = Release|Any CPU
	EndGlobalSection
	GlobalSection(ProjectConfigurationPlatforms) = postSolution
		{B73A459C-D15E-47F3-AA7C-A64E3B619C0B}.Debug|Any CPU.ActiveCfg = Debug|Any CPU
		{B73A459C-D15E-47F3-AA7C-A64E3B619C0B}.Debug|Any CPU.Build.0 = Debug|Any CPU
		{B73A459C-D15E-47F3-AA7C-A64E3B619C0B}.Release|Any CPU.ActiveCfg = Release|Any CPU
		{B73A459C-D15E-47F3-AA7C-A64E3B619C0B}.Release|Any CPU.Build.0 = Release|Any CPU
		{4CAC6AC8-47E3-418B-B473-69E603D3439C}.Debug|Any CPU.ActiveCfg = Debug|Any CPU
		{4CAC6AC8-47E3-418B-B473-69E603D3439C}.Debug|Any CPU.Build.0 = Debug|Any CPU
		{4CAC6AC8-47E3-418B-B473-69E603D3439C}.Release|Any CPU.ActiveCfg = Release|Any CPU
		{4CAC6AC8-47E3-418B-B473-69E603D3439C}.Release|Any CPU.Build.0 = Release|Any CPU
	EndGlobalSection
	GlobalSection(SolutionProperties) = preSolution
		HideSolutionNode = FALSE
	EndGlobalSection
	GlobalSection(ExtensibilityGlobals) = postSolution
		SolutionGuid = {4A007EC4-DC0B-4B5D-ACCD-4476F391B755}
	EndGlobalSection
EndGlobal
